// !$*UTF8*$!
{
	archiveVersion = 1;
	classes = {
	};
	objectVersion = 46;
	objects = {

/* Begin PBXBuildFile section */
		1D612F681FCF41F29035E767 /* libPods.a in Frameworks */ = {isa = PBXBuildFile; fileRef = BD1D03EA7D644AA398EBF195 /* libPods.a */; };
		5D8E6F31192818E10086F989 /* GracenoteMusicID.framework in Frameworks */ = {isa = PBXBuildFile; fileRef = 5D8E6F30192818E10086F989 /* GracenoteMusicID.framework */; };
		5DB06CAA1928B00800D83B6B /* ServerResponse.m in Sources */ = {isa = PBXBuildFile; fileRef = 5DB06CA91928B00800D83B6B /* ServerResponse.m */; };
		E50E9E061927962F008B4F58 /* MainViewController.m in Sources */ = {isa = PBXBuildFile; fileRef = E50E9E041927962F008B4F58 /* MainViewController.m */; };
		E50E9E071927962F008B4F58 /* MainViewController.xib in Resources */ = {isa = PBXBuildFile; fileRef = E50E9E051927962F008B4F58 /* MainViewController.xib */; };
		E50E9E0D1927E175008B4F58 /* Settings.m in Sources */ = {isa = PBXBuildFile; fileRef = E50E9E0C1927E175008B4F58 /* Settings.m */; };
		E50E9E0F1927E374008B4F58 /* CFNetwork.framework in Frameworks */ = {isa = PBXBuildFile; fileRef = E50E9E0E1927E374008B4F58 /* CFNetwork.framework */; };
		E50E9E111927E37B008B4F58 /* CoreMedia.framework in Frameworks */ = {isa = PBXBuildFile; fileRef = E50E9E101927E37B008B4F58 /* CoreMedia.framework */; };
		E50E9E131927E383008B4F58 /* SystemConfiguration.framework in Frameworks */ = {isa = PBXBuildFile; fileRef = E50E9E121927E383008B4F58 /* SystemConfiguration.framework */; };
		E50E9E151927E390008B4F58 /* AudioToolbox.framework in Frameworks */ = {isa = PBXBuildFile; fileRef = E50E9E141927E390008B4F58 /* AudioToolbox.framework */; };
		E50E9E171927E396008B4F58 /* Security.framework in Frameworks */ = {isa = PBXBuildFile; fileRef = E50E9E161927E396008B4F58 /* Security.framework */; };
		E50E9E1A1927E5E8008B4F58 /* Reachability.m in Sources */ = {isa = PBXBuildFile; fileRef = E50E9E191927E5E8008B4F58 /* Reachability.m */; };
		E50E9E1F1927E7CE008B4F58 /* RdioViewController.m in Sources */ = {isa = PBXBuildFile; fileRef = E50E9E1D1927E7CE008B4F58 /* RdioViewController.m */; };
		E50E9E201927E7CE008B4F58 /* RdioViewController.xib in Resources */ = {isa = PBXBuildFile; fileRef = E50E9E1E1927E7CE008B4F58 /* RdioViewController.xib */; };
		E50E9E221927F1C0008B4F58 /* libsqlite3.dylib in Frameworks */ = {isa = PBXBuildFile; fileRef = E50E9E211927F1C0008B4F58 /* libsqlite3.dylib */; };
		E50E9E241927F1CB008B4F58 /* libstdc++.dylib in Frameworks */ = {isa = PBXBuildFile; fileRef = E50E9E231927F1CB008B4F58 /* libstdc++.dylib */; };
		E50E9E261927F1D5008B4F58 /* libxml2.dylib in Frameworks */ = {isa = PBXBuildFile; fileRef = E50E9E251927F1D5008B4F58 /* libxml2.dylib */; };
		E50E9E2A1927F1EE008B4F58 /* MediaPlayer.framework in Frameworks */ = {isa = PBXBuildFile; fileRef = E50E9E291927F1EE008B4F58 /* MediaPlayer.framework */; };
		E50E9E2C1927F1F6008B4F58 /* AVFoundation.framework in Frameworks */ = {isa = PBXBuildFile; fileRef = E50E9E2B1927F1F6008B4F58 /* AVFoundation.framework */; };
		E50E9E331927F31F008B4F58 /* AdSupport.framework in Frameworks */ = {isa = PBXBuildFile; fileRef = E50E9E321927F31F008B4F58 /* AdSupport.framework */; };
		E50E9E7319281BD9008B4F58 /* DashboardViewController.m in Sources */ = {isa = PBXBuildFile; fileRef = E50E9E7119281BD9008B4F58 /* DashboardViewController.m */; };
		E50E9E7419281BD9008B4F58 /* DashboardViewController.xib in Resources */ = {isa = PBXBuildFile; fileRef = E50E9E7219281BD9008B4F58 /* DashboardViewController.xib */; };
		E50E9E7819281D58008B4F58 /* SettingsViewController.m in Sources */ = {isa = PBXBuildFile; fileRef = E50E9E7619281D58008B4F58 /* SettingsViewController.m */; };
		E50E9E7919281D58008B4F58 /* SettingsViewController.xib in Resources */ = {isa = PBXBuildFile; fileRef = E50E9E7719281D58008B4F58 /* SettingsViewController.xib */; };
		E50E9E8119282582008B4F58 /* UtilityManager.m in Sources */ = {isa = PBXBuildFile; fileRef = E50E9E8019282582008B4F58 /* UtilityManager.m */; };
		E50E9E85192828BA008B4F58 /* SettingCell.m in Sources */ = {isa = PBXBuildFile; fileRef = E50E9E83192828BA008B4F58 /* SettingCell.m */; };
		E50E9E86192828BA008B4F58 /* SettingCell.xib in Resources */ = {isa = PBXBuildFile; fileRef = E50E9E84192828BA008B4F58 /* SettingCell.xib */; };
		E50E9E8B19282BE4008B4F58 /* PlayerViewController.m in Sources */ = {isa = PBXBuildFile; fileRef = E50E9E8919282BE4008B4F58 /* PlayerViewController.m */; };
		E50E9E8C19282BE4008B4F58 /* PlayerViewController.xib in Resources */ = {isa = PBXBuildFile; fileRef = E50E9E8A19282BE4008B4F58 /* PlayerViewController.xib */; };
		E50E9E9019282EA5008B4F58 /* UIColor+Colors.m in Sources */ = {isa = PBXBuildFile; fileRef = E50E9E8F19282EA5008B4F58 /* UIColor+Colors.m */; };
		E50E9E9619288F46008B4F58 /* PlayerDetailsViewController.m in Sources */ = {isa = PBXBuildFile; fileRef = E50E9E9419288F46008B4F58 /* PlayerDetailsViewController.m */; };
		E50E9E9719288F46008B4F58 /* PlayerDetailsViewController.xib in Resources */ = {isa = PBXBuildFile; fileRef = E50E9E9519288F46008B4F58 /* PlayerDetailsViewController.xib */; };
		E50E9E9A1928A63C008B4F58 /* Track.m in Sources */ = {isa = PBXBuildFile; fileRef = E50E9E991928A63C008B4F58 /* Track.m */; };
		E5BAA1E41926B55800A4020C /* Foundation.framework in Frameworks */ = {isa = PBXBuildFile; fileRef = E5BAA1E31926B55800A4020C /* Foundation.framework */; };
		E5BAA1E61926B55800A4020C /* CoreGraphics.framework in Frameworks */ = {isa = PBXBuildFile; fileRef = E5BAA1E51926B55800A4020C /* CoreGraphics.framework */; };
		E5BAA1E81926B55800A4020C /* UIKit.framework in Frameworks */ = {isa = PBXBuildFile; fileRef = E5BAA1E71926B55800A4020C /* UIKit.framework */; };
		E5BAA1EE1926B55800A4020C /* InfoPlist.strings in Resources */ = {isa = PBXBuildFile; fileRef = E5BAA1EC1926B55800A4020C /* InfoPlist.strings */; };
		E5BAA1F01926B55800A4020C /* main.m in Sources */ = {isa = PBXBuildFile; fileRef = E5BAA1EF1926B55800A4020C /* main.m */; };
		E5BAA1F41926B55800A4020C /* AppDelegate.m in Sources */ = {isa = PBXBuildFile; fileRef = E5BAA1F31926B55800A4020C /* AppDelegate.m */; };
		E5BAA1F61926B55800A4020C /* Images.xcassets in Resources */ = {isa = PBXBuildFile; fileRef = E5BAA1F51926B55800A4020C /* Images.xcassets */; };
		E5BAA1FD1926B55800A4020C /* XCTest.framework in Frameworks */ = {isa = PBXBuildFile; fileRef = E5BAA1FC1926B55800A4020C /* XCTest.framework */; };
		E5BAA1FE1926B55800A4020C /* Foundation.framework in Frameworks */ = {isa = PBXBuildFile; fileRef = E5BAA1E31926B55800A4020C /* Foundation.framework */; };
		E5BAA1FF1926B55800A4020C /* UIKit.framework in Frameworks */ = {isa = PBXBuildFile; fileRef = E5BAA1E71926B55800A4020C /* UIKit.framework */; };
		E5BAA2071926B55800A4020C /* InfoPlist.strings in Resources */ = {isa = PBXBuildFile; fileRef = E5BAA2051926B55800A4020C /* InfoPlist.strings */; };
		E5BAA2091926B55800A4020C /* car_hackathonTests.m in Sources */ = {isa = PBXBuildFile; fileRef = E5BAA2081926B55800A4020C /* car_hackathonTests.m */; };
/* End PBXBuildFile section */

/* Begin PBXContainerItemProxy section */
		E5BAA2001926B55800A4020C /* PBXContainerItemProxy */ = {
			isa = PBXContainerItemProxy;
			containerPortal = E5BAA1D81926B55800A4020C /* Project object */;
			proxyType = 1;
			remoteGlobalIDString = E5BAA1DF1926B55800A4020C;
			remoteInfo = "car-hackathon";
		};
/* End PBXContainerItemProxy section */

/* Begin PBXFileReference section */
		31D0666764BF4523A57B5C0B /* Pods.xcconfig */ = {isa = PBXFileReference; includeInIndex = 1; lastKnownFileType = text.xcconfig; name = Pods.xcconfig; path = Pods/Pods.xcconfig; sourceTree = "<group>"; };
		5D8E6F30192818E10086F989 /* GracenoteMusicID.framework */ = {isa = PBXFileReference; lastKnownFileType = wrapper.framework; name = GracenoteMusicID.framework; path = ../Downloads/GN_Music_SDK_iOS_3_3_0_14/GracenoteMusicID.framework; sourceTree = "<group>"; };
		5DB06CA419281EFD00D83B6B /* Constants.h */ = {isa = PBXFileReference; lastKnownFileType = sourcecode.c.h; path = Constants.h; sourceTree = "<group>"; };
		5DB06CA81928B00800D83B6B /* ServerResponse.h */ = {isa = PBXFileReference; fileEncoding = 4; lastKnownFileType = sourcecode.c.h; path = ServerResponse.h; sourceTree = "<group>"; };
		5DB06CA91928B00800D83B6B /* ServerResponse.m */ = {isa = PBXFileReference; fileEncoding = 4; lastKnownFileType = sourcecode.c.objc; path = ServerResponse.m; sourceTree = "<group>"; };
		BD1D03EA7D644AA398EBF195 /* libPods.a */ = {isa = PBXFileReference; explicitFileType = archive.ar; includeInIndex = 0; path = libPods.a; sourceTree = BUILT_PRODUCTS_DIR; };
		E50E9DFC1927952E008B4F58 /* libPods-Deezer.a */ = {isa = PBXFileReference; lastKnownFileType = archive.ar; name = "libPods-Deezer.a"; path = "Pods/build/Release-iphoneos/libPods-Deezer.a"; sourceTree = "<group>"; };
		E50E9E031927962F008B4F58 /* MainViewController.h */ = {isa = PBXFileReference; fileEncoding = 4; lastKnownFileType = sourcecode.c.h; path = MainViewController.h; sourceTree = "<group>"; };
		E50E9E041927962F008B4F58 /* MainViewController.m */ = {isa = PBXFileReference; fileEncoding = 4; lastKnownFileType = sourcecode.c.objc; path = MainViewController.m; sourceTree = "<group>"; };
		E50E9E051927962F008B4F58 /* MainViewController.xib */ = {isa = PBXFileReference; fileEncoding = 4; lastKnownFileType = file.xib; path = MainViewController.xib; sourceTree = "<group>"; };
		E50E9E0B1927E175008B4F58 /* Settings.h */ = {isa = PBXFileReference; fileEncoding = 4; lastKnownFileType = sourcecode.c.h; path = Settings.h; sourceTree = "<group>"; };
		E50E9E0C1927E175008B4F58 /* Settings.m */ = {isa = PBXFileReference; fileEncoding = 4; lastKnownFileType = sourcecode.c.objc; path = Settings.m; sourceTree = "<group>"; };
		E50E9E0E1927E374008B4F58 /* CFNetwork.framework */ = {isa = PBXFileReference; lastKnownFileType = wrapper.framework; name = CFNetwork.framework; path = System/Library/Frameworks/CFNetwork.framework; sourceTree = SDKROOT; };
		E50E9E101927E37B008B4F58 /* CoreMedia.framework */ = {isa = PBXFileReference; lastKnownFileType = wrapper.framework; name = CoreMedia.framework; path = System/Library/Frameworks/CoreMedia.framework; sourceTree = SDKROOT; };
		E50E9E121927E383008B4F58 /* SystemConfiguration.framework */ = {isa = PBXFileReference; lastKnownFileType = wrapper.framework; name = SystemConfiguration.framework; path = System/Library/Frameworks/SystemConfiguration.framework; sourceTree = SDKROOT; };
		E50E9E141927E390008B4F58 /* AudioToolbox.framework */ = {isa = PBXFileReference; lastKnownFileType = wrapper.framework; name = AudioToolbox.framework; path = System/Library/Frameworks/AudioToolbox.framework; sourceTree = SDKROOT; };
		E50E9E161927E396008B4F58 /* Security.framework */ = {isa = PBXFileReference; lastKnownFileType = wrapper.framework; name = Security.framework; path = System/Library/Frameworks/Security.framework; sourceTree = SDKROOT; };
		E50E9E181927E5E8008B4F58 /* Reachability.h */ = {isa = PBXFileReference; fileEncoding = 4; lastKnownFileType = sourcecode.c.h; path = Reachability.h; sourceTree = "<group>"; };
		E50E9E191927E5E8008B4F58 /* Reachability.m */ = {isa = PBXFileReference; fileEncoding = 4; lastKnownFileType = sourcecode.c.objc; path = Reachability.m; sourceTree = "<group>"; };
		E50E9E1B1927E689008B4F58 /* RDQConstants.h */ = {isa = PBXFileReference; lastKnownFileType = sourcecode.c.h; path = RDQConstants.h; sourceTree = "<group>"; };
		E50E9E1C1927E7CE008B4F58 /* RdioViewController.h */ = {isa = PBXFileReference; fileEncoding = 4; lastKnownFileType = sourcecode.c.h; path = RdioViewController.h; sourceTree = "<group>"; };
		E50E9E1D1927E7CE008B4F58 /* RdioViewController.m */ = {isa = PBXFileReference; fileEncoding = 4; lastKnownFileType = sourcecode.c.objc; path = RdioViewController.m; sourceTree = "<group>"; };
		E50E9E1E1927E7CE008B4F58 /* RdioViewController.xib */ = {isa = PBXFileReference; fileEncoding = 4; lastKnownFileType = file.xib; path = RdioViewController.xib; sourceTree = "<group>"; };
		E50E9E211927F1C0008B4F58 /* libsqlite3.dylib */ = {isa = PBXFileReference; lastKnownFileType = "compiled.mach-o.dylib"; name = libsqlite3.dylib; path = usr/lib/libsqlite3.dylib; sourceTree = SDKROOT; };
		E50E9E231927F1CB008B4F58 /* libstdc++.dylib */ = {isa = PBXFileReference; lastKnownFileType = "compiled.mach-o.dylib"; name = "libstdc++.dylib"; path = "usr/lib/libstdc++.dylib"; sourceTree = SDKROOT; };
		E50E9E251927F1D5008B4F58 /* libxml2.dylib */ = {isa = PBXFileReference; lastKnownFileType = "compiled.mach-o.dylib"; name = libxml2.dylib; path = usr/lib/libxml2.dylib; sourceTree = SDKROOT; };
		E50E9E271927F1DD008B4F58 /* QuartzCore.framework */ = {isa = PBXFileReference; lastKnownFileType = wrapper.framework; name = QuartzCore.framework; path = System/Library/Frameworks/QuartzCore.framework; sourceTree = SDKROOT; };
		E50E9E291927F1EE008B4F58 /* MediaPlayer.framework */ = {isa = PBXFileReference; lastKnownFileType = wrapper.framework; name = MediaPlayer.framework; path = System/Library/Frameworks/MediaPlayer.framework; sourceTree = SDKROOT; };
		E50E9E2B1927F1F6008B4F58 /* AVFoundation.framework */ = {isa = PBXFileReference; lastKnownFileType = wrapper.framework; name = AVFoundation.framework; path = System/Library/Frameworks/AVFoundation.framework; sourceTree = SDKROOT; };
		E50E9E321927F31F008B4F58 /* AdSupport.framework */ = {isa = PBXFileReference; lastKnownFileType = wrapper.framework; name = AdSupport.framework; path = System/Library/Frameworks/AdSupport.framework; sourceTree = SDKROOT; };
		E50E9E7019281BD9008B4F58 /* DashboardViewController.h */ = {isa = PBXFileReference; fileEncoding = 4; lastKnownFileType = sourcecode.c.h; path = DashboardViewController.h; sourceTree = "<group>"; };
		E50E9E7119281BD9008B4F58 /* DashboardViewController.m */ = {isa = PBXFileReference; fileEncoding = 4; lastKnownFileType = sourcecode.c.objc; path = DashboardViewController.m; sourceTree = "<group>"; };
		E50E9E7219281BD9008B4F58 /* DashboardViewController.xib */ = {isa = PBXFileReference; fileEncoding = 4; lastKnownFileType = file.xib; path = DashboardViewController.xib; sourceTree = "<group>"; };
		E50E9E7519281D58008B4F58 /* SettingsViewController.h */ = {isa = PBXFileReference; fileEncoding = 4; lastKnownFileType = sourcecode.c.h; path = SettingsViewController.h; sourceTree = "<group>"; };
		E50E9E7619281D58008B4F58 /* SettingsViewController.m */ = {isa = PBXFileReference; fileEncoding = 4; lastKnownFileType = sourcecode.c.objc; path = SettingsViewController.m; sourceTree = "<group>"; };
		E50E9E7719281D58008B4F58 /* SettingsViewController.xib */ = {isa = PBXFileReference; fileEncoding = 4; lastKnownFileType = file.xib; path = SettingsViewController.xib; sourceTree = "<group>"; };
		E50E9E7F19282582008B4F58 /* UtilityManager.h */ = {isa = PBXFileReference; fileEncoding = 4; lastKnownFileType = sourcecode.c.h; path = UtilityManager.h; sourceTree = "<group>"; };
		E50E9E8019282582008B4F58 /* UtilityManager.m */ = {isa = PBXFileReference; fileEncoding = 4; lastKnownFileType = sourcecode.c.objc; path = UtilityManager.m; sourceTree = "<group>"; };
		E50E9E82192828BA008B4F58 /* SettingCell.h */ = {isa = PBXFileReference; fileEncoding = 4; lastKnownFileType = sourcecode.c.h; path = SettingCell.h; sourceTree = "<group>"; };
		E50E9E83192828BA008B4F58 /* SettingCell.m */ = {isa = PBXFileReference; fileEncoding = 4; lastKnownFileType = sourcecode.c.objc; path = SettingCell.m; sourceTree = "<group>"; };
		E50E9E84192828BA008B4F58 /* SettingCell.xib */ = {isa = PBXFileReference; fileEncoding = 4; lastKnownFileType = file.xib; path = SettingCell.xib; sourceTree = "<group>"; };
		E50E9E8819282BE4008B4F58 /* PlayerViewController.h */ = {isa = PBXFileReference; fileEncoding = 4; lastKnownFileType = sourcecode.c.h; path = PlayerViewController.h; sourceTree = "<group>"; };
		E50E9E8919282BE4008B4F58 /* PlayerViewController.m */ = {isa = PBXFileReference; fileEncoding = 4; lastKnownFileType = sourcecode.c.objc; path = PlayerViewController.m; sourceTree = "<group>"; };
		E50E9E8A19282BE4008B4F58 /* PlayerViewController.xib */ = {isa = PBXFileReference; fileEncoding = 4; lastKnownFileType = file.xib; path = PlayerViewController.xib; sourceTree = "<group>"; };
		E50E9E8E19282EA5008B4F58 /* UIColor+Colors.h */ = {isa = PBXFileReference; fileEncoding = 4; lastKnownFileType = sourcecode.c.h; path = "UIColor+Colors.h"; sourceTree = "<group>"; };
		E50E9E8F19282EA5008B4F58 /* UIColor+Colors.m */ = {isa = PBXFileReference; fileEncoding = 4; lastKnownFileType = sourcecode.c.objc; path = "UIColor+Colors.m"; sourceTree = "<group>"; };
		E50E9E9319288F46008B4F58 /* PlayerDetailsViewController.h */ = {isa = PBXFileReference; fileEncoding = 4; lastKnownFileType = sourcecode.c.h; path = PlayerDetailsViewController.h; sourceTree = "<group>"; };
		E50E9E9419288F46008B4F58 /* PlayerDetailsViewController.m */ = {isa = PBXFileReference; fileEncoding = 4; lastKnownFileType = sourcecode.c.objc; path = PlayerDetailsViewController.m; sourceTree = "<group>"; };
		E50E9E9519288F46008B4F58 /* PlayerDetailsViewController.xib */ = {isa = PBXFileReference; fileEncoding = 4; lastKnownFileType = file.xib; path = PlayerDetailsViewController.xib; sourceTree = "<group>"; };
		E50E9E981928A63C008B4F58 /* Track.h */ = {isa = PBXFileReference; fileEncoding = 4; lastKnownFileType = sourcecode.c.h; path = Track.h; sourceTree = "<group>"; };
		E50E9E991928A63C008B4F58 /* Track.m */ = {isa = PBXFileReference; fileEncoding = 4; lastKnownFileType = sourcecode.c.objc; path = Track.m; sourceTree = "<group>"; };
		E5BAA1E01926B55800A4020C /* Carbeats.app */ = {isa = PBXFileReference; explicitFileType = wrapper.application; includeInIndex = 0; path = Carbeats.app; sourceTree = BUILT_PRODUCTS_DIR; };
		E5BAA1E31926B55800A4020C /* Foundation.framework */ = {isa = PBXFileReference; lastKnownFileType = wrapper.framework; name = Foundation.framework; path = System/Library/Frameworks/Foundation.framework; sourceTree = SDKROOT; };
		E5BAA1E51926B55800A4020C /* CoreGraphics.framework */ = {isa = PBXFileReference; lastKnownFileType = wrapper.framework; name = CoreGraphics.framework; path = System/Library/Frameworks/CoreGraphics.framework; sourceTree = SDKROOT; };
		E5BAA1E71926B55800A4020C /* UIKit.framework */ = {isa = PBXFileReference; lastKnownFileType = wrapper.framework; name = UIKit.framework; path = System/Library/Frameworks/UIKit.framework; sourceTree = SDKROOT; };
		E5BAA1EB1926B55800A4020C /* car-hackathon-Info.plist */ = {isa = PBXFileReference; lastKnownFileType = text.plist.xml; path = "car-hackathon-Info.plist"; sourceTree = "<group>"; };
		E5BAA1ED1926B55800A4020C /* en */ = {isa = PBXFileReference; lastKnownFileType = text.plist.strings; name = en; path = en.lproj/InfoPlist.strings; sourceTree = "<group>"; };
		E5BAA1EF1926B55800A4020C /* main.m */ = {isa = PBXFileReference; lastKnownFileType = sourcecode.c.objc; path = main.m; sourceTree = "<group>"; };
		E5BAA1F11926B55800A4020C /* car-hackathon-Prefix.pch */ = {isa = PBXFileReference; lastKnownFileType = sourcecode.c.h; path = "car-hackathon-Prefix.pch"; sourceTree = "<group>"; };
		E5BAA1F21926B55800A4020C /* AppDelegate.h */ = {isa = PBXFileReference; lastKnownFileType = sourcecode.c.h; path = AppDelegate.h; sourceTree = "<group>"; };
		E5BAA1F31926B55800A4020C /* AppDelegate.m */ = {isa = PBXFileReference; lastKnownFileType = sourcecode.c.objc; path = AppDelegate.m; sourceTree = "<group>"; };
		E5BAA1F51926B55800A4020C /* Images.xcassets */ = {isa = PBXFileReference; lastKnownFileType = folder.assetcatalog; path = Images.xcassets; sourceTree = "<group>"; };
		E5BAA1FB1926B55800A4020C /* car-hackathonTests.xctest */ = {isa = PBXFileReference; explicitFileType = wrapper.cfbundle; includeInIndex = 0; path = "car-hackathonTests.xctest"; sourceTree = BUILT_PRODUCTS_DIR; };
		E5BAA1FC1926B55800A4020C /* XCTest.framework */ = {isa = PBXFileReference; lastKnownFileType = wrapper.framework; name = XCTest.framework; path = Library/Frameworks/XCTest.framework; sourceTree = DEVELOPER_DIR; };
		E5BAA2041926B55800A4020C /* car-hackathonTests-Info.plist */ = {isa = PBXFileReference; lastKnownFileType = text.plist.xml; path = "car-hackathonTests-Info.plist"; sourceTree = "<group>"; };
		E5BAA2061926B55800A4020C /* en */ = {isa = PBXFileReference; lastKnownFileType = text.plist.strings; name = en; path = en.lproj/InfoPlist.strings; sourceTree = "<group>"; };
		E5BAA2081926B55800A4020C /* car_hackathonTests.m */ = {isa = PBXFileReference; lastKnownFileType = sourcecode.c.objc; path = car_hackathonTests.m; sourceTree = "<group>"; };
/* End PBXFileReference section */

/* Begin PBXFrameworksBuildPhase section */
		E5BAA1DD1926B55800A4020C /* Frameworks */ = {
			isa = PBXFrameworksBuildPhase;
			buildActionMask = 2147483647;
			files = (
				5D8E6F31192818E10086F989 /* GracenoteMusicID.framework in Frameworks */,
				E50E9E331927F31F008B4F58 /* AdSupport.framework in Frameworks */,
				E50E9E2C1927F1F6008B4F58 /* AVFoundation.framework in Frameworks */,
				E50E9E2A1927F1EE008B4F58 /* MediaPlayer.framework in Frameworks */,
				E50E9E261927F1D5008B4F58 /* libxml2.dylib in Frameworks */,
				E50E9E241927F1CB008B4F58 /* libstdc++.dylib in Frameworks */,
				E50E9E221927F1C0008B4F58 /* libsqlite3.dylib in Frameworks */,
				E50E9E171927E396008B4F58 /* Security.framework in Frameworks */,
				E50E9E151927E390008B4F58 /* AudioToolbox.framework in Frameworks */,
				E50E9E131927E383008B4F58 /* SystemConfiguration.framework in Frameworks */,
				E50E9E111927E37B008B4F58 /* CoreMedia.framework in Frameworks */,
				E50E9E0F1927E374008B4F58 /* CFNetwork.framework in Frameworks */,
				E5BAA1E61926B55800A4020C /* CoreGraphics.framework in Frameworks */,
				E5BAA1E81926B55800A4020C /* UIKit.framework in Frameworks */,
				E5BAA1E41926B55800A4020C /* Foundation.framework in Frameworks */,
				1D612F681FCF41F29035E767 /* libPods.a in Frameworks */,
			);
			runOnlyForDeploymentPostprocessing = 0;
		};
		E5BAA1F81926B55800A4020C /* Frameworks */ = {
			isa = PBXFrameworksBuildPhase;
			buildActionMask = 2147483647;
			files = (
				E5BAA1FD1926B55800A4020C /* XCTest.framework in Frameworks */,
				E5BAA1FF1926B55800A4020C /* UIKit.framework in Frameworks */,
				E5BAA1FE1926B55800A4020C /* Foundation.framework in Frameworks */,
			);
			runOnlyForDeploymentPostprocessing = 0;
		};
/* End PBXFrameworksBuildPhase section */

/* Begin PBXGroup section */
		E50E9E6F1928012A008B4F58 /* Rdio */ = {
			isa = PBXGroup;
			children = (
				E50E9E1B1927E689008B4F58 /* RDQConstants.h */,
				E50E9E181927E5E8008B4F58 /* Reachability.h */,
				E50E9E191927E5E8008B4F58 /* Reachability.m */,
				E50E9E0B1927E175008B4F58 /* Settings.h */,
				E50E9E0C1927E175008B4F58 /* Settings.m */,
			);
			name = Rdio;
			sourceTree = "<group>";
		};
		E50E9E7A19282027008B4F58 /* Settings  */ = {
			isa = PBXGroup;
			children = (
				E50E9E7C19282041008B4F58 /* Settings Cell */,
				E50E9E7519281D58008B4F58 /* SettingsViewController.h */,
				E50E9E7619281D58008B4F58 /* SettingsViewController.m */,
				E50E9E7719281D58008B4F58 /* SettingsViewController.xib */,
			);
			name = "Settings ";
			sourceTree = "<group>";
		};
		E50E9E7B19282035008B4F58 /* Dashboard */ = {
			isa = PBXGroup;
			children = (
				E50E9E7019281BD9008B4F58 /* DashboardViewController.h */,
				E50E9E7119281BD9008B4F58 /* DashboardViewController.m */,
				E50E9E7219281BD9008B4F58 /* DashboardViewController.xib */,
			);
			name = Dashboard;
			sourceTree = "<group>";
		};
		E50E9E7C19282041008B4F58 /* Settings Cell */ = {
			isa = PBXGroup;
			children = (
				E50E9E82192828BA008B4F58 /* SettingCell.h */,
				E50E9E83192828BA008B4F58 /* SettingCell.m */,
				E50E9E84192828BA008B4F58 /* SettingCell.xib */,
			);
			name = "Settings Cell";
			sourceTree = "<group>";
		};
		E50E9E7D19282187008B4F58 /* Login Screen */ = {
			isa = PBXGroup;
			children = (
				E50E9E031927962F008B4F58 /* MainViewController.h */,
				E50E9E041927962F008B4F58 /* MainViewController.m */,
				E50E9E051927962F008B4F58 /* MainViewController.xib */,
			);
			name = "Login Screen";
			sourceTree = "<group>";
		};
		E50E9E7E1928252E008B4F58 /* Utlities */ = {
			isa = PBXGroup;
			children = (
				E50E9E7F19282582008B4F58 /* UtilityManager.h */,
				E50E9E8019282582008B4F58 /* UtilityManager.m */,
			);
			name = Utlities;
			sourceTree = "<group>";
		};
		E50E9E8719282BD7008B4F58 /* Player */ = {
			isa = PBXGroup;
			children = (
				E50E9E8819282BE4008B4F58 /* PlayerViewController.h */,
				E50E9E8919282BE4008B4F58 /* PlayerViewController.m */,
				E50E9E8A19282BE4008B4F58 /* PlayerViewController.xib */,
				E50E9E981928A63C008B4F58 /* Track.h */,
				E50E9E991928A63C008B4F58 /* Track.m */,
			);
			name = Player;
			sourceTree = "<group>";
		};
		E50E9E8D19282E98008B4F58 /* Categories */ = {
			isa = PBXGroup;
			children = (
				E50E9E8E19282EA5008B4F58 /* UIColor+Colors.h */,
				E50E9E8F19282EA5008B4F58 /* UIColor+Colors.m */,
			);
			name = Categories;
			sourceTree = "<group>";
		};
		E50E9E9119284BB3008B4F58 /* Stats View */ = {
			isa = PBXGroup;
			children = (
			);
			name = "Stats View";
			sourceTree = "<group>";
		};
		E50E9E9219288F35008B4F58 /* Player Details */ = {
			isa = PBXGroup;
			children = (
				E50E9E9319288F46008B4F58 /* PlayerDetailsViewController.h */,
				E50E9E9419288F46008B4F58 /* PlayerDetailsViewController.m */,
				E50E9E9519288F46008B4F58 /* PlayerDetailsViewController.xib */,
			);
			name = "Player Details";
			sourceTree = "<group>";
		};
		E5BAA1D71926B55800A4020C = {
			isa = PBXGroup;
			children = (
				E5BAA1E91926B55800A4020C /* car-hackathon */,
				E5BAA2021926B55800A4020C /* car-hackathonTests */,
				E5BAA1E21926B55800A4020C /* Frameworks */,
				E5BAA1E11926B55800A4020C /* Products */,
				31D0666764BF4523A57B5C0B /* Pods.xcconfig */,
			);
			sourceTree = "<group>";
		};
		E5BAA1E11926B55800A4020C /* Products */ = {
			isa = PBXGroup;
			children = (
				E5BAA1E01926B55800A4020C /* Carbeats.app */,
				E5BAA1FB1926B55800A4020C /* car-hackathonTests.xctest */,
			);
			name = Products;
			sourceTree = "<group>";
		};
		E5BAA1E21926B55800A4020C /* Frameworks */ = {
			isa = PBXGroup;
			children = (
				5D8E6F30192818E10086F989 /* GracenoteMusicID.framework */,
				E50E9E321927F31F008B4F58 /* AdSupport.framework */,
				E50E9E2B1927F1F6008B4F58 /* AVFoundation.framework */,
				E50E9E291927F1EE008B4F58 /* MediaPlayer.framework */,
				E50E9E271927F1DD008B4F58 /* QuartzCore.framework */,
				E50E9E251927F1D5008B4F58 /* libxml2.dylib */,
				E50E9E231927F1CB008B4F58 /* libstdc++.dylib */,
				E50E9E211927F1C0008B4F58 /* libsqlite3.dylib */,
				E50E9E161927E396008B4F58 /* Security.framework */,
				E50E9E141927E390008B4F58 /* AudioToolbox.framework */,
				E50E9E121927E383008B4F58 /* SystemConfiguration.framework */,
				E50E9E101927E37B008B4F58 /* CoreMedia.framework */,
				E50E9E0E1927E374008B4F58 /* CFNetwork.framework */,
				E50E9DFC1927952E008B4F58 /* libPods-Deezer.a */,
				E5BAA1E31926B55800A4020C /* Foundation.framework */,
				E5BAA1E51926B55800A4020C /* CoreGraphics.framework */,
				E5BAA1E71926B55800A4020C /* UIKit.framework */,
				E5BAA1FC1926B55800A4020C /* XCTest.framework */,
				BD1D03EA7D644AA398EBF195 /* libPods.a */,
			);
			name = Frameworks;
			sourceTree = "<group>";
		};
		E5BAA1E91926B55800A4020C /* car-hackathon */ = {
			isa = PBXGroup;
			children = (
				E50E9E8D19282E98008B4F58 /* Categories */,
				E5BAA1F21926B55800A4020C /* AppDelegate.h */,
				E5BAA1F31926B55800A4020C /* AppDelegate.m */,
				5DB06CA419281EFD00D83B6B /* Constants.h */,
				E5BAA1F51926B55800A4020C /* Images.xcassets */,
				E5BF2F461926B65500FC42BD /* Model */,
				E5BAA1EA1926B55800A4020C /* Supporting Files */,
				E50E9E7E1928252E008B4F58 /* Utlities */,
				E5BF2F451926B64E00FC42BD /* View Controllers */,
			);
			path = "car-hackathon";
			sourceTree = "<group>";
		};
		E5BAA1EA1926B55800A4020C /* Supporting Files */ = {
			isa = PBXGroup;
			children = (
				E5BAA1EB1926B55800A4020C /* car-hackathon-Info.plist */,
				E5BAA1EC1926B55800A4020C /* InfoPlist.strings */,
				E5BAA1EF1926B55800A4020C /* main.m */,
				E5BAA1F11926B55800A4020C /* car-hackathon-Prefix.pch */,
			);
			name = "Supporting Files";
			sourceTree = "<group>";
		};
		E5BAA2021926B55800A4020C /* car-hackathonTests */ = {
			isa = PBXGroup;
			children = (
				E5BAA2081926B55800A4020C /* car_hackathonTests.m */,
				E5BAA2031926B55800A4020C /* Supporting Files */,
			);
			path = "car-hackathonTests";
			sourceTree = "<group>";
		};
		E5BAA2031926B55800A4020C /* Supporting Files */ = {
			isa = PBXGroup;
			children = (
				E5BAA2041926B55800A4020C /* car-hackathonTests-Info.plist */,
				E5BAA2051926B55800A4020C /* InfoPlist.strings */,
			);
			name = "Supporting Files";
			sourceTree = "<group>";
		};
		E5BF2F451926B64E00FC42BD /* View Controllers */ = {
			isa = PBXGroup;
			children = (
				E50E9E9219288F35008B4F58 /* Player Details */,
				E50E9E9119284BB3008B4F58 /* Stats View */,
				E50E9E8719282BD7008B4F58 /* Player */,
				E50E9E7D19282187008B4F58 /* Login Screen */,
				E50E9E7B19282035008B4F58 /* Dashboard */,
				E50E9E7A19282027008B4F58 /* Settings  */,
				E50E9E6F1928012A008B4F58 /* Rdio */,
				E50E9E1C1927E7CE008B4F58 /* RdioViewController.h */,
				E50E9E1D1927E7CE008B4F58 /* RdioViewController.m */,
				E50E9E1E1927E7CE008B4F58 /* RdioViewController.xib */,
			);
			name = "View Controllers";
			sourceTree = "<group>";
		};
		E5BF2F461926B65500FC42BD /* Model */ = {
			isa = PBXGroup;
			children = (
				5DB06CA81928B00800D83B6B /* ServerResponse.h */,
				5DB06CA91928B00800D83B6B /* ServerResponse.m */,
			);
			name = Model;
			sourceTree = "<group>";
		};
/* End PBXGroup section */

/* Begin PBXNativeTarget section */
		E5BAA1DF1926B55800A4020C /* Carbeats */ = {
			isa = PBXNativeTarget;
			buildConfigurationList = E5BAA20C1926B55800A4020C /* Build configuration list for PBXNativeTarget "Carbeats" */;
			buildPhases = (
				4F567D928FA24328B4B0889D /* Check Pods Manifest.lock */,
				E5BAA1DC1926B55800A4020C /* Sources */,
				E5BAA1DD1926B55800A4020C /* Frameworks */,
				E5BAA1DE1926B55800A4020C /* Resources */,
				BDFA587DC9374FBDBB55B4A8 /* Copy Pods Resources */,
			);
			buildRules = (
			);
			dependencies = (
			);
			name = Carbeats;
			productName = "car-hackathon";
			productReference = E5BAA1E01926B55800A4020C /* Carbeats.app */;
			productType = "com.apple.product-type.application";
		};
		E5BAA1FA1926B55800A4020C /* car-hackathonTests */ = {
			isa = PBXNativeTarget;
			buildConfigurationList = E5BAA20F1926B55800A4020C /* Build configuration list for PBXNativeTarget "car-hackathonTests" */;
			buildPhases = (
				E5BAA1F71926B55800A4020C /* Sources */,
				E5BAA1F81926B55800A4020C /* Frameworks */,
				E5BAA1F91926B55800A4020C /* Resources */,
			);
			buildRules = (
			);
			dependencies = (
				E5BAA2011926B55800A4020C /* PBXTargetDependency */,
			);
			name = "car-hackathonTests";
			productName = "car-hackathonTests";
			productReference = E5BAA1FB1926B55800A4020C /* car-hackathonTests.xctest */;
			productType = "com.apple.product-type.bundle.unit-test";
		};
/* End PBXNativeTarget section */

/* Begin PBXProject section */
		E5BAA1D81926B55800A4020C /* Project object */ = {
			isa = PBXProject;
			attributes = {
				LastUpgradeCheck = 0510;
				ORGANIZATIONNAME = "Pawel Kwiecien";
				TargetAttributes = {
					E5BAA1FA1926B55800A4020C = {
						TestTargetID = E5BAA1DF1926B55800A4020C;
					};
				};
			};
			buildConfigurationList = E5BAA1DB1926B55800A4020C /* Build configuration list for PBXProject "car-hackathon" */;
			compatibilityVersion = "Xcode 3.2";
			developmentRegion = English;
			hasScannedForEncodings = 0;
			knownRegions = (
				en,
			);
			mainGroup = E5BAA1D71926B55800A4020C;
			productRefGroup = E5BAA1E11926B55800A4020C /* Products */;
			projectDirPath = "";
			projectRoot = "";
			targets = (
				E5BAA1DF1926B55800A4020C /* Carbeats */,
				E5BAA1FA1926B55800A4020C /* car-hackathonTests */,
			);
		};
/* End PBXProject section */

/* Begin PBXResourcesBuildPhase section */
		E5BAA1DE1926B55800A4020C /* Resources */ = {
			isa = PBXResourcesBuildPhase;
			buildActionMask = 2147483647;
			files = (
				E50E9E201927E7CE008B4F58 /* RdioViewController.xib in Resources */,
				E50E9E7919281D58008B4F58 /* SettingsViewController.xib in Resources */,
				E50E9E86192828BA008B4F58 /* SettingCell.xib in Resources */,
				E5BAA1EE1926B55800A4020C /* InfoPlist.strings in Resources */,
				E50E9E9719288F46008B4F58 /* PlayerDetailsViewController.xib in Resources */,
				E50E9E7419281BD9008B4F58 /* DashboardViewController.xib in Resources */,
				E50E9E8C19282BE4008B4F58 /* PlayerViewController.xib in Resources */,
				E50E9E071927962F008B4F58 /* MainViewController.xib in Resources */,
				E5BAA1F61926B55800A4020C /* Images.xcassets in Resources */,
			);
			runOnlyForDeploymentPostprocessing = 0;
		};
		E5BAA1F91926B55800A4020C /* Resources */ = {
			isa = PBXResourcesBuildPhase;
			buildActionMask = 2147483647;
			files = (
				E5BAA2071926B55800A4020C /* InfoPlist.strings in Resources */,
			);
			runOnlyForDeploymentPostprocessing = 0;
		};
/* End PBXResourcesBuildPhase section */

/* Begin PBXShellScriptBuildPhase section */
		4F567D928FA24328B4B0889D /* Check Pods Manifest.lock */ = {
			isa = PBXShellScriptBuildPhase;
			buildActionMask = 2147483647;
			files = (
			);
			inputPaths = (
			);
			name = "Check Pods Manifest.lock";
			outputPaths = (
			);
			runOnlyForDeploymentPostprocessing = 0;
			shellPath = /bin/sh;
			shellScript = "diff \"${PODS_ROOT}/../Podfile.lock\" \"${PODS_ROOT}/Manifest.lock\" > /dev/null\nif [[ $? != 0 ]] ; then\n    cat << EOM\nerror: The sandbox is not in sync with the Podfile.lock. Run 'pod install' or update your CocoaPods installation.\nEOM\n    exit 1\nfi\n";
			showEnvVarsInLog = 0;
		};
		BDFA587DC9374FBDBB55B4A8 /* Copy Pods Resources */ = {
			isa = PBXShellScriptBuildPhase;
			buildActionMask = 2147483647;
			files = (
			);
			inputPaths = (
			);
			name = "Copy Pods Resources";
			outputPaths = (
			);
			runOnlyForDeploymentPostprocessing = 0;
			shellPath = /bin/sh;
			shellScript = "\"${SRCROOT}/Pods/Pods-resources.sh\"\n";
			showEnvVarsInLog = 0;
		};
/* End PBXShellScriptBuildPhase section */

/* Begin PBXSourcesBuildPhase section */
		E5BAA1DC1926B55800A4020C /* Sources */ = {
			isa = PBXSourcesBuildPhase;
			buildActionMask = 2147483647;
			files = (
				E5BAA1F41926B55800A4020C /* AppDelegate.m in Sources */,
				E50E9E9619288F46008B4F58 /* PlayerDetailsViewController.m in Sources */,
				E50E9E9019282EA5008B4F58 /* UIColor+Colors.m in Sources */,
				E50E9E0D1927E175008B4F58 /* Settings.m in Sources */,
				E50E9E1F1927E7CE008B4F58 /* RdioViewController.m in Sources */,
				E50E9E7819281D58008B4F58 /* SettingsViewController.m in Sources */,
				E50E9E7319281BD9008B4F58 /* DashboardViewController.m in Sources */,
				E50E9E9A1928A63C008B4F58 /* Track.m in Sources */,
				5DB06CAA1928B00800D83B6B /* ServerResponse.m in Sources */,
				E50E9E061927962F008B4F58 /* MainViewController.m in Sources */,
				E50E9E8119282582008B4F58 /* UtilityManager.m in Sources */,
				E5BAA1F01926B55800A4020C /* main.m in Sources */,
				E50E9E85192828BA008B4F58 /* SettingCell.m in Sources */,
				E50E9E8B19282BE4008B4F58 /* PlayerViewController.m in Sources */,
				E50E9E1A1927E5E8008B4F58 /* Reachability.m in Sources */,
			);
			runOnlyForDeploymentPostprocessing = 0;
		};
		E5BAA1F71926B55800A4020C /* Sources */ = {
			isa = PBXSourcesBuildPhase;
			buildActionMask = 2147483647;
			files = (
				E5BAA2091926B55800A4020C /* car_hackathonTests.m in Sources */,
			);
			runOnlyForDeploymentPostprocessing = 0;
		};
/* End PBXSourcesBuildPhase section */

/* Begin PBXTargetDependency section */
		E5BAA2011926B55800A4020C /* PBXTargetDependency */ = {
			isa = PBXTargetDependency;
			target = E5BAA1DF1926B55800A4020C /* Carbeats */;
			targetProxy = E5BAA2001926B55800A4020C /* PBXContainerItemProxy */;
		};
/* End PBXTargetDependency section */

/* Begin PBXVariantGroup section */
		E5BAA1EC1926B55800A4020C /* InfoPlist.strings */ = {
			isa = PBXVariantGroup;
			children = (
				E5BAA1ED1926B55800A4020C /* en */,
			);
			name = InfoPlist.strings;
			sourceTree = "<group>";
		};
		E5BAA2051926B55800A4020C /* InfoPlist.strings */ = {
			isa = PBXVariantGroup;
			children = (
				E5BAA2061926B55800A4020C /* en */,
			);
			name = InfoPlist.strings;
			sourceTree = "<group>";
		};
/* End PBXVariantGroup section */

/* Begin XCBuildConfiguration section */
		E5BAA20A1926B55800A4020C /* Debug */ = {
			isa = XCBuildConfiguration;
			buildSettings = {
				ALWAYS_SEARCH_USER_PATHS = NO;
				CLANG_CXX_LANGUAGE_STANDARD = "gnu++0x";
				CLANG_CXX_LIBRARY = "libc++";
				CLANG_ENABLE_MODULES = YES;
				CLANG_ENABLE_OBJC_ARC = YES;
				CLANG_WARN_BOOL_CONVERSION = YES;
				CLANG_WARN_CONSTANT_CONVERSION = YES;
				CLANG_WARN_DIRECT_OBJC_ISA_USAGE = YES_ERROR;
				CLANG_WARN_EMPTY_BODY = YES;
				CLANG_WARN_ENUM_CONVERSION = YES;
				CLANG_WARN_INT_CONVERSION = YES;
				CLANG_WARN_OBJC_ROOT_CLASS = YES_ERROR;
				CLANG_WARN__DUPLICATE_METHOD_MATCH = YES;
				"CODE_SIGN_IDENTITY[sdk=iphoneos*]" = "iPhone Developer";
				COPY_PHASE_STRIP = NO;
				GCC_C_LANGUAGE_STANDARD = gnu99;
				GCC_DYNAMIC_NO_PIC = NO;
				GCC_OPTIMIZATION_LEVEL = 0;
				GCC_PREPROCESSOR_DEFINITIONS = (
					"DEBUG=1",
					"$(inherited)",
				);
				GCC_SYMBOLS_PRIVATE_EXTERN = NO;
				GCC_WARN_64_TO_32_BIT_CONVERSION = YES;
				GCC_WARN_ABOUT_RETURN_TYPE = YES_ERROR;
				GCC_WARN_UNDECLARED_SELECTOR = YES;
				GCC_WARN_UNINITIALIZED_AUTOS = YES_AGGRESSIVE;
				GCC_WARN_UNUSED_FUNCTION = YES;
				GCC_WARN_UNUSED_VARIABLE = YES;
				IPHONEOS_DEPLOYMENT_TARGET = 7.1;
				ONLY_ACTIVE_ARCH = YES;
				SDKROOT = iphoneos;
			};
			name = Debug;
		};
		E5BAA20B1926B55800A4020C /* Release */ = {
			isa = XCBuildConfiguration;
			buildSettings = {
				ALWAYS_SEARCH_USER_PATHS = NO;
				CLANG_CXX_LANGUAGE_STANDARD = "gnu++0x";
				CLANG_CXX_LIBRARY = "libc++";
				CLANG_ENABLE_MODULES = YES;
				CLANG_ENABLE_OBJC_ARC = YES;
				CLANG_WARN_BOOL_CONVERSION = YES;
				CLANG_WARN_CONSTANT_CONVERSION = YES;
				CLANG_WARN_DIRECT_OBJC_ISA_USAGE = YES_ERROR;
				CLANG_WARN_EMPTY_BODY = YES;
				CLANG_WARN_ENUM_CONVERSION = YES;
				CLANG_WARN_INT_CONVERSION = YES;
				CLANG_WARN_OBJC_ROOT_CLASS = YES_ERROR;
				CLANG_WARN__DUPLICATE_METHOD_MATCH = YES;
				"CODE_SIGN_IDENTITY[sdk=iphoneos*]" = "iPhone Developer";
				COPY_PHASE_STRIP = YES;
				ENABLE_NS_ASSERTIONS = NO;
				GCC_C_LANGUAGE_STANDARD = gnu99;
				GCC_WARN_64_TO_32_BIT_CONVERSION = YES;
				GCC_WARN_ABOUT_RETURN_TYPE = YES_ERROR;
				GCC_WARN_UNDECLARED_SELECTOR = YES;
				GCC_WARN_UNINITIALIZED_AUTOS = YES_AGGRESSIVE;
				GCC_WARN_UNUSED_FUNCTION = YES;
				GCC_WARN_UNUSED_VARIABLE = YES;
				IPHONEOS_DEPLOYMENT_TARGET = 7.1;
				SDKROOT = iphoneos;
				VALIDATE_PRODUCT = YES;
			};
			name = Release;
		};
		E5BAA20D1926B55800A4020C /* Debug */ = {
			isa = XCBuildConfiguration;
			baseConfigurationReference = 31D0666764BF4523A57B5C0B /* Pods.xcconfig */;
			buildSettings = {
				ARCHS = "$(ARCHS_STANDARD)";
				ASSETCATALOG_COMPILER_APPICON_NAME = AppIcon;
				ASSETCATALOG_COMPILER_LAUNCHIMAGE_NAME = LaunchImage;
				FRAMEWORK_SEARCH_PATHS = (
					"$(inherited)",
					/Users/pawel/Downloads/abc,
					/Users/siminuk/Downloads/GN_Music_SDK_iOS_3_3_0_14,
				);
				GCC_PRECOMPILE_PREFIX_HEADER = YES;
				GCC_PREFIX_HEADER = "car-hackathon/car-hackathon-Prefix.pch";
				INFOPLIST_FILE = "car-hackathon/car-hackathon-Info.plist";
				LIBRARY_SEARCH_PATHS = (
					"$(inherited)",
					"$(PROJECT_DIR)/Pods/build/Release-iphoneos",
				);
				ONLY_ACTIVE_ARCH = YES;
				OTHER_LDFLAGS = (
					"-ObjC",
					"-framework",
					AudioToolBox,
					"-framework",
					AudioToolbox,
					"-framework",
					CFNetwork,
					"-framework",
					CoreAudio,
					"-framework",
					CoreGraphics,
					"-framework",
					CoreMedia,
					"-framework",
					Rdio,
					"-framework",
					Security,
					"-framework",
					SystemConfiguration,
				);
				PRODUCT_NAME = "$(TARGET_NAME)";
				VALID_ARCHS = "arm64 armv7 armv7s";
				WRAPPER_EXTENSION = app;
			};
			name = Debug;
		};
		E5BAA20E1926B55800A4020C /* Release */ = {
			isa = XCBuildConfiguration;
			baseConfigurationReference = 31D0666764BF4523A57B5C0B /* Pods.xcconfig */;
			buildSettings = {
				ARCHS = "$(ARCHS_STANDARD)";
				ASSETCATALOG_COMPILER_APPICON_NAME = AppIcon;
				ASSETCATALOG_COMPILER_LAUNCHIMAGE_NAME = LaunchImage;
				FRAMEWORK_SEARCH_PATHS = (
					"$(inherited)",
					/Users/pawel/Downloads/abc,
					/Users/siminuk/Downloads/GN_Music_SDK_iOS_3_3_0_14,
				);
				GCC_PRECOMPILE_PREFIX_HEADER = YES;
				GCC_PREFIX_HEADER = "car-hackathon/car-hackathon-Prefix.pch";
				INFOPLIST_FILE = "car-hackathon/car-hackathon-Info.plist";
				LIBRARY_SEARCH_PATHS = (
					"$(inherited)",
					"$(PROJECT_DIR)/Pods/build/Release-iphoneos",
				);
				OTHER_LDFLAGS = (
					"-ObjC",
					"-framework",
					AudioToolBox,
					"-framework",
					AudioToolbox,
					"-framework",
					CFNetwork,
					"-framework",
					CoreAudio,
					"-framework",
					CoreGraphics,
					"-framework",
					CoreMedia,
					"-framework",
					Rdio,
					"-framework",
					Security,
					"-framework",
					SystemConfiguration,
				);
				PRODUCT_NAME = "$(TARGET_NAME)";
				VALID_ARCHS = "arm64 armv7 armv7s";
				WRAPPER_EXTENSION = app;
			};
			name = Release;
		};
		E5BAA2101926B55800A4020C /* Debug */ = {
			isa = XCBuildConfiguration;
			buildSettings = {
				BUNDLE_LOADER = "$(BUILT_PRODUCTS_DIR)/car-hackathon.app/car-hackathon";
				FRAMEWORK_SEARCH_PATHS = (
					"$(SDKROOT)/Developer/Library/Frameworks",
					"$(inherited)",
					"$(DEVELOPER_FRAMEWORKS_DIR)",
				);
				GCC_PRECOMPILE_PREFIX_HEADER = YES;
				GCC_PREFIX_HEADER = "car-hackathon/car-hackathon-Prefix.pch";
				GCC_PREPROCESSOR_DEFINITIONS = (
					"DEBUG=1",
					"$(inherited)",
				);
				INFOPLIST_FILE = "car-hackathonTests/car-hackathonTests-Info.plist";
				PRODUCT_NAME = "$(TARGET_NAME)";
				TEST_HOST = "$(BUNDLE_LOADER)";
				WRAPPER_EXTENSION = xctest;
			};
			name = Debug;
		};
		E5BAA2111926B55800A4020C /* Release */ = {
			isa = XCBuildConfiguration;
			buildSettings = {
				BUNDLE_LOADER = "$(BUILT_PRODUCTS_DIR)/car-hackathon.app/car-hackathon";
				FRAMEWORK_SEARCH_PATHS = (
					"$(SDKROOT)/Developer/Library/Frameworks",
					"$(inherited)",
					"$(DEVELOPER_FRAMEWORKS_DIR)",
				);
				GCC_PRECOMPILE_PREFIX_HEADER = YES;
				GCC_PREFIX_HEADER = "car-hackathon/car-hackathon-Prefix.pch";
				INFOPLIST_FILE = "car-hackathonTests/car-hackathonTests-Info.plist";
				PRODUCT_NAME = "$(TARGET_NAME)";
				TEST_HOST = "$(BUNDLE_LOADER)";
				WRAPPER_EXTENSION = xctest;
			};
			name = Release;
		};
/* End XCBuildConfiguration section */

/* Begin XCConfigurationList section */
		E5BAA1DB1926B55800A4020C /* Build configuration list for PBXProject "car-hackathon" */ = {
			isa = XCConfigurationList;
			buildConfigurations = (
				E5BAA20A1926B55800A4020C /* Debug */,
				E5BAA20B1926B55800A4020C /* Release */,
			);
			defaultConfigurationIsVisible = 0;
			defaultConfigurationName = Release;
		};
		E5BAA20C1926B55800A4020C /* Build configuration list for PBXNativeTarget "Carbeats" */ = {
			isa = XCConfigurationList;
			buildConfigurations = (
				E5BAA20D1926B55800A4020C /* Debug */,
				E5BAA20E1926B55800A4020C /* Release */,
			);
			defaultConfigurationIsVisible = 0;
			defaultConfigurationName = Release;
		};
		E5BAA20F1926B55800A4020C /* Build configuration list for PBXNativeTarget "car-hackathonTests" */ = {
			isa = XCConfigurationList;
			buildConfigurations = (
				E5BAA2101926B55800A4020C /* Debug */,
				E5BAA2111926B55800A4020C /* Release */,
			);
			defaultConfigurationIsVisible = 0;
			defaultConfigurationName = Release;
		};
/* End XCConfigurationList section */
	};
	rootObject = E5BAA1D81926B55800A4020C /* Project object */;
}
